// !$*UTF8*$!
{
	archiveVersion = 1;
	classes = {
	};
	objectVersion = 77;
	objects = {

/* Begin PBXBuildFile section */
		739CE05A2F20679E0017256F /* PopFrontListView.swift in Sources */ = {isa = PBXBuildFile; fileRef = 739CE0592F20679E0017256F /* PopFrontListView.swift */; };
		739CE05C2F206B980017256F /* CommonViewCell.swift in Sources */ = {isa = PBXBuildFile; fileRef = 739CE05B2F206B980017256F /* CommonViewCell.swift */; };
		739CE05E2F206CCB0017256F /* SpecialViewCell.swift in Sources */ = {isa = PBXBuildFile; fileRef = 739CE05D2F206CCB0017256F /* SpecialViewCell.swift */; };
		739CE0602F207B430017256F /* CompleteViewController.swift in Sources */ = {isa = PBXBuildFile; fileRef = 739CE05F2F207B430017256F /* CompleteViewController.swift */; };
		739CE0622F207F840017256F /* PersonalViewController.swift in Sources */ = {isa = PBXBuildFile; fileRef = 739CE0612F207F840017256F /* PersonalViewController.swift */; };
		739CE0642F20A0570017256F /* PopSelectListView.swift in Sources */ = {isa = PBXBuildFile; fileRef = 739CE0632F20A0570017256F /* PopSelectListView.swift */; };
		739CE0662F20AE530017256F /* CityDecodeModel.swift in Sources */ = {isa = PBXBuildFile; fileRef = 739CE0652F20AE530017256F /* CityDecodeModel.swift */; };
		73FBF5232F1F0E880071C925 /* AppDelegate.swift in Sources */ = {isa = PBXBuildFile; fileRef = 73FBF5192F1F0E880071C925 /* AppDelegate.swift */; };
		73FBF5262F1F0E880071C925 /* Assets.xcassets in Resources */ = {isa = PBXBuildFile; fileRef = 73FBF51A2F1F0E880071C925 /* Assets.xcassets */; };
		73FBF5282F1F0E880071C925 /* LaunchScreen.storyboard in Resources */ = {isa = PBXBuildFile; fileRef = 73FBF51D2F1F0E880071C925 /* LaunchScreen.storyboard */; };
		73FDF93F2F1F168500660198 /* BaseViewController.swift in Sources */ = {isa = PBXBuildFile; fileRef = 73FDF93E2F1F168500660198 /* BaseViewController.swift */; };
		73FDF9412F1F169700660198 /* BaseNavigationController.swift in Sources */ = {isa = PBXBuildFile; fileRef = 73FDF9402F1F169700660198 /* BaseNavigationController.swift */; };
		73FDF9432F1F16BF00660198 /* LaunchViewController.swift in Sources */ = {isa = PBXBuildFile; fileRef = 73FDF9422F1F16BF00660198 /* LaunchViewController.swift */; };
		73FDF9452F1F181000660198 /* BaseModel.swift in Sources */ = {isa = PBXBuildFile; fileRef = 73FDF9442F1F180B00660198 /* BaseModel.swift */; };
		73FDF9472F1F187700660198 /* NetworkManager.swift in Sources */ = {isa = PBXBuildFile; fileRef = 73FDF9462F1F187700660198 /* NetworkManager.swift */; };
		73FDF9492F1F1A4000660198 /* LoginView.swift in Sources */ = {isa = PBXBuildFile; fileRef = 73FDF9482F1F1A4000660198 /* LoginView.swift */; };
		73FDF94B2F1F1A5000660198 /* LoginViewController.swift in Sources */ = {isa = PBXBuildFile; fileRef = 73FDF94A2F1F1A5000660198 /* LoginViewController.swift */; };
		73FDF94D2F1F1A5800660198 /* HomeViewController.swift in Sources */ = {isa = PBXBuildFile; fileRef = 73FDF94C2F1F1A5800660198 /* HomeViewController.swift */; };
		73FDF94F2F1F1A6000660198 /* OrderViewController.swift in Sources */ = {isa = PBXBuildFile; fileRef = 73FDF94E2F1F1A6000660198 /* OrderViewController.swift */; };
		73FDF9512F1F1A6800660198 /* CenterViewController.swift in Sources */ = {isa = PBXBuildFile; fileRef = 73FDF9502F1F1A6800660198 /* CenterViewController.swift */; };
		73FDF9532F1F1A7000660198 /* ProductViewController.swift in Sources */ = {isa = PBXBuildFile; fileRef = 73FDF9522F1F1A7000660198 /* ProductViewController.swift */; };
		73FDF9552F1F1A7B00660198 /* ProductView.swift in Sources */ = {isa = PBXBuildFile; fileRef = 73FDF9542F1F1A7B00660198 /* ProductView.swift */; };
		73FDF9572F1F1A8600660198 /* CenterView.swift in Sources */ = {isa = PBXBuildFile; fileRef = 73FDF9562F1F1A8600660198 /* CenterView.swift */; };
		73FDF9592F1F1A9700660198 /* OrderView.swift in Sources */ = {isa = PBXBuildFile; fileRef = 73FDF9582F1F1A9700660198 /* OrderView.swift */; };
		73FDF95B2F1F1AA100660198 /* HomeView.swift in Sources */ = {isa = PBXBuildFile; fileRef = 73FDF95A2F1F1AA100660198 /* HomeView.swift */; };
		73FDF95D2F1F1BD900660198 /* MainTabBarController.swift in Sources */ = {isa = PBXBuildFile; fileRef = 73FDF95C2F1F1BD900660198 /* MainTabBarController.swift */; };
		73FDF9612F1F216400660198 /* UserManager.swift in Sources */ = {isa = PBXBuildFile; fileRef = 73FDF9602F1F216400660198 /* UserManager.swift */; };
		73FDF9632F1F222900660198 /* URLParameterBuilder.swift in Sources */ = {isa = PBXBuildFile; fileRef = 73FDF9622F1F222900660198 /* URLParameterBuilder.swift */; };
		73FDF9652F1F22D400660198 /* KeychainHelper.swift in Sources */ = {isa = PBXBuildFile; fileRef = 73FDF9642F1F22D400660198 /* KeychainHelper.swift */; };
		73FDF9672F1F300200660198 /* LoadingView.swift in Sources */ = {isa = PBXBuildFile; fileRef = 73FDF9662F1F300200660198 /* LoadingView.swift */; };
		73FDF9692F1F34EE00660198 /* HomeHeadView.swift in Sources */ = {isa = PBXBuildFile; fileRef = 73FDF9682F1F34EE00660198 /* HomeHeadView.swift */; };
		73FDF96B2F1F3E3400660198 /* HomeItemView.swift in Sources */ = {isa = PBXBuildFile; fileRef = 73FDF96A2F1F3E3400660198 /* HomeItemView.swift */; };
		73FDF96D2F1F40B800660198 /* HomeMentView.swift in Sources */ = {isa = PBXBuildFile; fileRef = 73FDF96C2F1F40B800660198 /* HomeMentView.swift */; };
		73FDF96F2F1F40CB00660198 /* HomeCardView.swift in Sources */ = {isa = PBXBuildFile; fileRef = 73FDF96E2F1F40CB00660198 /* HomeCardView.swift */; };
		73FDF9712F1F752200660198 /* CenterViewCell.swift in Sources */ = {isa = PBXBuildFile; fileRef = 73FDF9702F1F752200660198 /* CenterViewCell.swift */; };
		73FDF9732F1F816D00660198 /* DeepLinkRoute.swift in Sources */ = {isa = PBXBuildFile; fileRef = 73FDF9722F1F816D00660198 /* DeepLinkRoute.swift */; };
		73FDF9752F1F818C00660198 /* SettingViewController.swift in Sources */ = {isa = PBXBuildFile; fileRef = 73FDF9742F1F818C00660198 /* SettingViewController.swift */; };
		73FDF9772F1F83C500660198 /* H5WebViewController.swift in Sources */ = {isa = PBXBuildFile; fileRef = 73FDF9762F1F83C500660198 /* H5WebViewController.swift */; };
		73FDF97B2F1F847600660198 /* AppHeadView.swift in Sources */ = {isa = PBXBuildFile; fileRef = 73FDF97A2F1F847600660198 /* AppHeadView.swift */; };
		73FF7EFD2F1FA6A20072F5B6 /* PopOutView.swift in Sources */ = {isa = PBXBuildFile; fileRef = 73FF7EFC2F1FA6A20072F5B6 /* PopOutView.swift */; };
		73FF7EFF2F1FAA360072F5B6 /* PopDeleteView.swift in Sources */ = {isa = PBXBuildFile; fileRef = 73FF7EFE2F1FAA360072F5B6 /* PopDeleteView.swift */; };
		73FF7F012F1FB52E0072F5B6 /* BaseView.swift in Sources */ = {isa = PBXBuildFile; fileRef = 73FF7F002F1FB52E0072F5B6 /* BaseView.swift */; };
		73FF7F032F1FB9DD0072F5B6 /* ProductListView.swift in Sources */ = {isa = PBXBuildFile; fileRef = 73FF7F022F1FB9DD0072F5B6 /* ProductListView.swift */; };
		73FF7F072F1FC4BB0072F5B6 /* FrontViewController.swift in Sources */ = {isa = PBXBuildFile; fileRef = 73FF7F062F1FC4BB0072F5B6 /* FrontViewController.swift */; };
		73FF7F092F1FC4CF0072F5B6 /* FaceViewController.swift in Sources */ = {isa = PBXBuildFile; fileRef = 73FF7F082F1FC4CF0072F5B6 /* FaceViewController.swift */; };
		73FF7F152F1FD6940072F5B6 /* SimpleCameraManager.swift in Sources */ = {isa = PBXBuildFile; fileRef = 73FF7F142F1FD6940072F5B6 /* SimpleCameraManager.swift */; };
		76277831FF744454AFD59F16 /* Pods_PinjamanKas.framework in Frameworks */ = {isa = PBXBuildFile; fileRef = 6335EAF615887F3988B94E9C /* Pods_PinjamanKas.framework */; };
/* End PBXBuildFile section */

/* Begin PBXFileReference section */
		6335EAF615887F3988B94E9C /* Pods_PinjamanKas.framework */ = {isa = PBXFileReference; explicitFileType = wrapper.framework; includeInIndex = 0; path = Pods_PinjamanKas.framework; sourceTree = BUILT_PRODUCTS_DIR; };
		739CE0592F20679E0017256F /* PopFrontListView.swift */ = {isa = PBXFileReference; lastKnownFileType = sourcecode.swift; path = PopFrontListView.swift; sourceTree = "<group>"; };
		739CE05B2F206B980017256F /* CommonViewCell.swift */ = {isa = PBXFileReference; lastKnownFileType = sourcecode.swift; path = CommonViewCell.swift; sourceTree = "<group>"; };
		739CE05D2F206CCB0017256F /* SpecialViewCell.swift */ = {isa = PBXFileReference; lastKnownFileType = sourcecode.swift; path = SpecialViewCell.swift; sourceTree = "<group>"; };
		739CE05F2F207B430017256F /* CompleteViewController.swift */ = {isa = PBXFileReference; lastKnownFileType = sourcecode.swift; path = CompleteViewController.swift; sourceTree = "<group>"; };
		739CE0612F207F840017256F /* PersonalViewController.swift */ = {isa = PBXFileReference; lastKnownFileType = sourcecode.swift; path = PersonalViewController.swift; sourceTree = "<group>"; };
		739CE0632F20A0570017256F /* PopSelectListView.swift */ = {isa = PBXFileReference; lastKnownFileType = sourcecode.swift; path = PopSelectListView.swift; sourceTree = "<group>"; };
		739CE0652F20AE530017256F /* CityDecodeModel.swift */ = {isa = PBXFileReference; lastKnownFileType = sourcecode.swift; path = CityDecodeModel.swift; sourceTree = "<group>"; };
		73FBF5012F1F0E7F0071C925 /* PinjamanKas.app */ = {isa = PBXFileReference; explicitFileType = wrapper.application; includeInIndex = 0; path = PinjamanKas.app; sourceTree = BUILT_PRODUCTS_DIR; };
		73FBF5192F1F0E880071C925 /* AppDelegate.swift */ = {isa = PBXFileReference; lastKnownFileType = sourcecode.swift; path = AppDelegate.swift; sourceTree = "<group>"; };
		73FBF51A2F1F0E880071C925 /* Assets.xcassets */ = {isa = PBXFileReference; lastKnownFileType = folder.assetcatalog; path = Assets.xcassets; sourceTree = "<group>"; };
		73FBF51B2F1F0E880071C925 /* Info.plist */ = {isa = PBXFileReference; lastKnownFileType = text.plist.xml; path = Info.plist; sourceTree = "<group>"; };
		73FBF51C2F1F0E880071C925 /* Base */ = {isa = PBXFileReference; lastKnownFileType = file.storyboard; name = Base; path = Base.lproj/LaunchScreen.storyboard; sourceTree = "<group>"; };
		73FBF52A2F1F0ECA0071C925 /* PinjamanKas.entitlements */ = {isa = PBXFileReference; lastKnownFileType = text.plist.entitlements; path = PinjamanKas.entitlements; sourceTree = "<group>"; };
		73FDF93E2F1F168500660198 /* BaseViewController.swift */ = {isa = PBXFileReference; lastKnownFileType = sourcecode.swift; path = BaseViewController.swift; sourceTree = "<group>"; };
		73FDF9402F1F169700660198 /* BaseNavigationController.swift */ = {isa = PBXFileReference; lastKnownFileType = sourcecode.swift; path = BaseNavigationController.swift; sourceTree = "<group>"; };
		73FDF9422F1F16BF00660198 /* LaunchViewController.swift */ = {isa = PBXFileReference; lastKnownFileType = sourcecode.swift; path = LaunchViewController.swift; sourceTree = "<group>"; };
		73FDF9442F1F180B00660198 /* BaseModel.swift */ = {isa = PBXFileReference; lastKnownFileType = sourcecode.swift; path = BaseModel.swift; sourceTree = "<group>"; };
		73FDF9462F1F187700660198 /* NetworkManager.swift */ = {isa = PBXFileReference; lastKnownFileType = sourcecode.swift; path = NetworkManager.swift; sourceTree = "<group>"; };
		73FDF9482F1F1A4000660198 /* LoginView.swift */ = {isa = PBXFileReference; lastKnownFileType = sourcecode.swift; path = LoginView.swift; sourceTree = "<group>"; };
		73FDF94A2F1F1A5000660198 /* LoginViewController.swift */ = {isa = PBXFileReference; lastKnownFileType = sourcecode.swift; path = LoginViewController.swift; sourceTree = "<group>"; };
		73FDF94C2F1F1A5800660198 /* HomeViewController.swift */ = {isa = PBXFileReference; lastKnownFileType = sourcecode.swift; path = HomeViewController.swift; sourceTree = "<group>"; };
		73FDF94E2F1F1A6000660198 /* OrderViewController.swift */ = {isa = PBXFileReference; lastKnownFileType = sourcecode.swift; path = OrderViewController.swift; sourceTree = "<group>"; };
		73FDF9502F1F1A6800660198 /* CenterViewController.swift */ = {isa = PBXFileReference; lastKnownFileType = sourcecode.swift; path = CenterViewController.swift; sourceTree = "<group>"; };
		73FDF9522F1F1A7000660198 /* ProductViewController.swift */ = {isa = PBXFileReference; lastKnownFileType = sourcecode.swift; path = ProductViewController.swift; sourceTree = "<group>"; };
		73FDF9542F1F1A7B00660198 /* ProductView.swift */ = {isa = PBXFileReference; lastKnownFileType = sourcecode.swift; path = ProductView.swift; sourceTree = "<group>"; };
		73FDF9562F1F1A8600660198 /* CenterView.swift */ = {isa = PBXFileReference; lastKnownFileType = sourcecode.swift; path = CenterView.swift; sourceTree = "<group>"; };
		73FDF9582F1F1A9700660198 /* OrderView.swift */ = {isa = PBXFileReference; lastKnownFileType = sourcecode.swift; path = OrderView.swift; sourceTree = "<group>"; };
		73FDF95A2F1F1AA100660198 /* HomeView.swift */ = {isa = PBXFileReference; lastKnownFileType = sourcecode.swift; path = HomeView.swift; sourceTree = "<group>"; };
		73FDF95C2F1F1BD900660198 /* MainTabBarController.swift */ = {isa = PBXFileReference; lastKnownFileType = sourcecode.swift; path = MainTabBarController.swift; sourceTree = "<group>"; };
		73FDF9602F1F216400660198 /* UserManager.swift */ = {isa = PBXFileReference; lastKnownFileType = sourcecode.swift; path = UserManager.swift; sourceTree = "<group>"; };
		73FDF9622F1F222900660198 /* URLParameterBuilder.swift */ = {isa = PBXFileReference; lastKnownFileType = sourcecode.swift; path = URLParameterBuilder.swift; sourceTree = "<group>"; };
		73FDF9642F1F22D400660198 /* KeychainHelper.swift */ = {isa = PBXFileReference; lastKnownFileType = sourcecode.swift; path = KeychainHelper.swift; sourceTree = "<group>"; };
		73FDF9662F1F300200660198 /* LoadingView.swift */ = {isa = PBXFileReference; lastKnownFileType = sourcecode.swift; path = LoadingView.swift; sourceTree = "<group>"; };
		73FDF9682F1F34EE00660198 /* HomeHeadView.swift */ = {isa = PBXFileReference; lastKnownFileType = sourcecode.swift; path = HomeHeadView.swift; sourceTree = "<group>"; };
		73FDF96A2F1F3E3400660198 /* HomeItemView.swift */ = {isa = PBXFileReference; lastKnownFileType = sourcecode.swift; path = HomeItemView.swift; sourceTree = "<group>"; };
		73FDF96C2F1F40B800660198 /* HomeMentView.swift */ = {isa = PBXFileReference; lastKnownFileType = sourcecode.swift; path = HomeMentView.swift; sourceTree = "<group>"; };
		73FDF96E2F1F40CB00660198 /* HomeCardView.swift */ = {isa = PBXFileReference; lastKnownFileType = sourcecode.swift; path = HomeCardView.swift; sourceTree = "<group>"; };
		73FDF9702F1F752200660198 /* CenterViewCell.swift */ = {isa = PBXFileReference; lastKnownFileType = sourcecode.swift; path = CenterViewCell.swift; sourceTree = "<group>"; };
		73FDF9722F1F816D00660198 /* DeepLinkRoute.swift */ = {isa = PBXFileReference; lastKnownFileType = sourcecode.swift; path = DeepLinkRoute.swift; sourceTree = "<group>"; };
		73FDF9742F1F818C00660198 /* SettingViewController.swift */ = {isa = PBXFileReference; lastKnownFileType = sourcecode.swift; path = SettingViewController.swift; sourceTree = "<group>"; };
		73FDF9762F1F83C500660198 /* H5WebViewController.swift */ = {isa = PBXFileReference; lastKnownFileType = sourcecode.swift; path = H5WebViewController.swift; sourceTree = "<group>"; };
		73FDF97A2F1F847600660198 /* AppHeadView.swift */ = {isa = PBXFileReference; lastKnownFileType = sourcecode.swift; path = AppHeadView.swift; sourceTree = "<group>"; };
		73FF7EFC2F1FA6A20072F5B6 /* PopOutView.swift */ = {isa = PBXFileReference; lastKnownFileType = sourcecode.swift; path = PopOutView.swift; sourceTree = "<group>"; };
		73FF7EFE2F1FAA360072F5B6 /* PopDeleteView.swift */ = {isa = PBXFileReference; lastKnownFileType = sourcecode.swift; path = PopDeleteView.swift; sourceTree = "<group>"; };
		73FF7F002F1FB52E0072F5B6 /* BaseView.swift */ = {isa = PBXFileReference; lastKnownFileType = sourcecode.swift; path = BaseView.swift; sourceTree = "<group>"; };
		73FF7F022F1FB9DD0072F5B6 /* ProductListView.swift */ = {isa = PBXFileReference; lastKnownFileType = sourcecode.swift; path = ProductListView.swift; sourceTree = "<group>"; };
		73FF7F062F1FC4BB0072F5B6 /* FrontViewController.swift */ = {isa = PBXFileReference; lastKnownFileType = sourcecode.swift; path = FrontViewController.swift; sourceTree = "<group>"; };
		73FF7F082F1FC4CF0072F5B6 /* FaceViewController.swift */ = {isa = PBXFileReference; lastKnownFileType = sourcecode.swift; path = FaceViewController.swift; sourceTree = "<group>"; };
		73FF7F142F1FD6940072F5B6 /* SimpleCameraManager.swift */ = {isa = PBXFileReference; lastKnownFileType = sourcecode.swift; path = SimpleCameraManager.swift; sourceTree = "<group>"; };
		D42DC08FF3D51960EC11F2AE /* Pods-PinjamanKas.debug.xcconfig */ = {isa = PBXFileReference; includeInIndex = 1; lastKnownFileType = text.xcconfig; name = "Pods-PinjamanKas.debug.xcconfig"; path = "Target Support Files/Pods-PinjamanKas/Pods-PinjamanKas.debug.xcconfig"; sourceTree = "<group>"; };
		E8A479ADCF324872DA95F1FB /* Pods-PinjamanKas.release.xcconfig */ = {isa = PBXFileReference; includeInIndex = 1; lastKnownFileType = text.xcconfig; name = "Pods-PinjamanKas.release.xcconfig"; path = "Target Support Files/Pods-PinjamanKas/Pods-PinjamanKas.release.xcconfig"; sourceTree = "<group>"; };
/* End PBXFileReference section */

/* Begin PBXFrameworksBuildPhase section */
		73FBF4FE2F1F0E7F0071C925 /* Frameworks */ = {
			isa = PBXFrameworksBuildPhase;
			buildActionMask = 2147483647;
			files = (
				76277831FF744454AFD59F16 /* Pods_PinjamanKas.framework in Frameworks */,
			);
			runOnlyForDeploymentPostprocessing = 0;
		};
/* End PBXFrameworksBuildPhase section */

/* Begin PBXGroup section */
		1D3748EFADC46F22190AEE39 /* Frameworks */ = {
			isa = PBXGroup;
			children = (
				6335EAF615887F3988B94E9C /* Pods_PinjamanKas.framework */,
			);
			name = Frameworks;
			sourceTree = "<group>";
		};
		73FBF4F82F1F0E7F0071C925 = {
			isa = PBXGroup;
			children = (
				73FBF5222F1F0E880071C925 /* PinjamanKas */,
				73FBF5022F1F0E7F0071C925 /* Products */,
				FD1935D813D1B7723C471325 /* Pods */,
				1D3748EFADC46F22190AEE39 /* Frameworks */,
			);
			sourceTree = "<group>";
		};
		73FBF5022F1F0E7F0071C925 /* Products */ = {
			isa = PBXGroup;
			children = (
				73FBF5012F1F0E7F0071C925 /* PinjamanKas.app */,
			);
			name = Products;
			sourceTree = "<group>";
		};
		73FBF5222F1F0E880071C925 /* PinjamanKas */ = {
			isa = PBXGroup;
			children = (
				73FBF51B2F1F0E880071C925 /* Info.plist */,
				73FBF51A2F1F0E880071C925 /* Assets.xcassets */,
				73FBF5192F1F0E880071C925 /* AppDelegate.swift */,
				73FBF52A2F1F0ECA0071C925 /* PinjamanKas.entitlements */,
				73FBF51D2F1F0E880071C925 /* LaunchScreen.storyboard */,
				73FDF93D2F1F15C600660198 /* Common */,
				73FDF93C2F1F159B00660198 /* Product */,
				73FDF93B2F1F159900660198 /* Center */,
				73FDF93A2F1F159600660198 /* Order */,
				73FDF9392F1F159400660198 /* Home */,
				73FDF9382F1F159100660198 /* Login */,
				73FDF9372F1F158F00660198 /* Http */,
				73FDF9362F1F158900660198 /* Base */,
			);
			path = PinjamanKas;
			sourceTree = "<group>";
		};
		73FDF9362F1F158900660198 /* Base */ = {
			isa = PBXGroup;
			children = (
				73FDF95C2F1F1BD900660198 /* MainTabBarController.swift */,
				73FDF93E2F1F168500660198 /* BaseViewController.swift */,
				73FDF9402F1F169700660198 /* BaseNavigationController.swift */,
				73FDF9422F1F16BF00660198 /* LaunchViewController.swift */,
				73FDF9762F1F83C500660198 /* H5WebViewController.swift */,
			);
			path = Base;
			sourceTree = "<group>";
		};
		73FDF9372F1F158F00660198 /* Http */ = {
			isa = PBXGroup;
			children = (
				73FDF9442F1F180B00660198 /* BaseModel.swift */,
				73FDF9462F1F187700660198 /* NetworkManager.swift */,
			);
			path = Http;
			sourceTree = "<group>";
		};
		73FDF9382F1F159100660198 /* Login */ = {
			isa = PBXGroup;
			children = (
				73FDF9642F1F22D400660198 /* KeychainHelper.swift */,
				73FDF9622F1F222900660198 /* URLParameterBuilder.swift */,
				73FDF9602F1F216400660198 /* UserManager.swift */,
				73FDF9482F1F1A4000660198 /* LoginView.swift */,
				73FDF94A2F1F1A5000660198 /* LoginViewController.swift */,
			);
			path = Login;
			sourceTree = "<group>";
		};
		73FDF9392F1F159400660198 /* Home */ = {
			isa = PBXGroup;
			children = (
				73FDF95A2F1F1AA100660198 /* HomeView.swift */,
				73FDF9682F1F34EE00660198 /* HomeHeadView.swift */,
				73FDF96A2F1F3E3400660198 /* HomeItemView.swift */,
				73FDF96E2F1F40CB00660198 /* HomeCardView.swift */,
				73FDF96C2F1F40B800660198 /* HomeMentView.swift */,
				73FDF94C2F1F1A5800660198 /* HomeViewController.swift */,
			);
			path = Home;
			sourceTree = "<group>";
		};
		73FDF93A2F1F159600660198 /* Order */ = {
			isa = PBXGroup;
			children = (
				73FDF9582F1F1A9700660198 /* OrderView.swift */,
				73FDF94E2F1F1A6000660198 /* OrderViewController.swift */,
			);
			path = Order;
			sourceTree = "<group>";
		};
		73FDF93B2F1F159900660198 /* Center */ = {
			isa = PBXGroup;
			children = (
				73FDF9562F1F1A8600660198 /* CenterView.swift */,
				73FDF9502F1F1A6800660198 /* CenterViewController.swift */,
				73FDF9702F1F752200660198 /* CenterViewCell.swift */,
				73FDF9742F1F818C00660198 /* SettingViewController.swift */,
				73FF7EFC2F1FA6A20072F5B6 /* PopOutView.swift */,
				73FF7EFE2F1FAA360072F5B6 /* PopDeleteView.swift */,
			);
			path = Center;
			sourceTree = "<group>";
		};
		73FDF93C2F1F159B00660198 /* Product */ = {
			isa = PBXGroup;
			children = (
				73FF7F042F1FC4900072F5B6 /* View */,
				73FF7F052F1FC49D0072F5B6 /* Controller */,
			);
			path = Product;
			sourceTree = "<group>";
		};
		73FDF93D2F1F15C600660198 /* Common */ = {
			isa = PBXGroup;
			children = (
				739CE0652F20AE530017256F /* CityDecodeModel.swift */,
				73FDF9662F1F300200660198 /* LoadingView.swift */,
				73FDF97A2F1F847600660198 /* AppHeadView.swift */,
			);
			path = Common;
			sourceTree = "<group>";
		};
		73FF7F042F1FC4900072F5B6 /* View */ = {
			isa = PBXGroup;
			children = (
				73FF7F142F1FD6940072F5B6 /* SimpleCameraManager.swift */,
				73FDF9722F1F816D00660198 /* DeepLinkRoute.swift */,
				73FDF9542F1F1A7B00660198 /* ProductView.swift */,
				73FF7F002F1FB52E0072F5B6 /* BaseView.swift */,
				73FF7F022F1FB9DD0072F5B6 /* ProductListView.swift */,
				739CE0592F20679E0017256F /* PopFrontListView.swift */,
				739CE05B2F206B980017256F /* CommonViewCell.swift */,
				739CE05D2F206CCB0017256F /* SpecialViewCell.swift */,
				739CE0632F20A0570017256F /* PopSelectListView.swift */,
			);
			path = View;
			sourceTree = "<group>";
		};
		73FF7F052F1FC49D0072F5B6 /* Controller */ = {
			isa = PBXGroup;
			children = (
				73FDF9522F1F1A7000660198 /* ProductViewController.swift */,
				73FF7F062F1FC4BB0072F5B6 /* FrontViewController.swift */,
				73FF7F082F1FC4CF0072F5B6 /* FaceViewController.swift */,
				739CE05F2F207B430017256F /* CompleteViewController.swift */,
				739CE0612F207F840017256F /* PersonalViewController.swift */,
			);
			path = Controller;
			sourceTree = "<group>";
		};
		FD1935D813D1B7723C471325 /* Pods */ = {
			isa = PBXGroup;
			children = (
				D42DC08FF3D51960EC11F2AE /* Pods-PinjamanKas.debug.xcconfig */,
				E8A479ADCF324872DA95F1FB /* Pods-PinjamanKas.release.xcconfig */,
			);
			path = Pods;
			sourceTree = "<group>";
		};
/* End PBXGroup section */

/* Begin PBXNativeTarget section */
		73FBF5002F1F0E7F0071C925 /* PinjamanKas */ = {
			isa = PBXNativeTarget;
			buildConfigurationList = 73FBF5142F1F0E800071C925 /* Build configuration list for PBXNativeTarget "PinjamanKas" */;
			buildPhases = (
				9FB1B446FCF9B8343ACFD938 /* [CP] Check Pods Manifest.lock */,
				73FBF4FD2F1F0E7F0071C925 /* Sources */,
				73FBF4FE2F1F0E7F0071C925 /* Frameworks */,
				73FBF4FF2F1F0E7F0071C925 /* Resources */,
				7CDA1815147D52E9DC3ABC28 /* [CP] Embed Pods Frameworks */,
			);
			buildRules = (
			);
			dependencies = (
			);
			name = PinjamanKas;
			productName = PinjamanKas;
			productReference = 73FBF5012F1F0E7F0071C925 /* PinjamanKas.app */;
			productType = "com.apple.product-type.application";
		};
/* End PBXNativeTarget section */

/* Begin PBXProject section */
		73FBF4F92F1F0E7F0071C925 /* Project object */ = {
			isa = PBXProject;
			attributes = {
				BuildIndependentTargetsInParallel = 1;
				LastSwiftUpdateCheck = 2620;
				LastUpgradeCheck = 2620;
				TargetAttributes = {
					73FBF5002F1F0E7F0071C925 = {
						CreatedOnToolsVersion = 26.2;
					};
				};
			};
			buildConfigurationList = 73FBF4FC2F1F0E7F0071C925 /* Build configuration list for PBXProject "PinjamanKas" */;
			developmentRegion = en;
			hasScannedForEncodings = 0;
			knownRegions = (
				en,
				Base,
			);
			mainGroup = 73FBF4F82F1F0E7F0071C925;
			minimizedProjectReferenceProxies = 1;
			preferredProjectObjectVersion = 77;
			productRefGroup = 73FBF5022F1F0E7F0071C925 /* Products */;
			projectDirPath = "";
			projectRoot = "";
			targets = (
				73FBF5002F1F0E7F0071C925 /* PinjamanKas */,
			);
		};
/* End PBXProject section */

/* Begin PBXResourcesBuildPhase section */
		73FBF4FF2F1F0E7F0071C925 /* Resources */ = {
			isa = PBXResourcesBuildPhase;
			buildActionMask = 2147483647;
			files = (
				73FBF5262F1F0E880071C925 /* Assets.xcassets in Resources */,
				73FBF5282F1F0E880071C925 /* LaunchScreen.storyboard in Resources */,
			);
			runOnlyForDeploymentPostprocessing = 0;
		};
/* End PBXResourcesBuildPhase section */

/* Begin PBXShellScriptBuildPhase section */
		7CDA1815147D52E9DC3ABC28 /* [CP] Embed Pods Frameworks */ = {
			isa = PBXShellScriptBuildPhase;
			buildActionMask = 2147483647;
			files = (
			);
			inputFileListPaths = (
				"${PODS_ROOT}/Target Support Files/Pods-PinjamanKas/Pods-PinjamanKas-frameworks-${CONFIGURATION}-input-files.xcfilelist",
			);
			inputPaths = (
			);
			name = "[CP] Embed Pods Frameworks";
			outputFileListPaths = (
				"${PODS_ROOT}/Target Support Files/Pods-PinjamanKas/Pods-PinjamanKas-frameworks-${CONFIGURATION}-output-files.xcfilelist",
			);
			outputPaths = (
			);
			runOnlyForDeploymentPostprocessing = 0;
			shellPath = /bin/sh;
			shellScript = "\"${PODS_ROOT}/Target Support Files/Pods-PinjamanKas/Pods-PinjamanKas-frameworks.sh\"\n";
			showEnvVarsInLog = 0;
		};
		9FB1B446FCF9B8343ACFD938 /* [CP] Check Pods Manifest.lock */ = {
			isa = PBXShellScriptBuildPhase;
			buildActionMask = 2147483647;
			files = (
			);
			inputFileListPaths = (
			);
			inputPaths = (
				"${PODS_PODFILE_DIR_PATH}/Podfile.lock",
				"${PODS_ROOT}/Manifest.lock",
			);
			name = "[CP] Check Pods Manifest.lock";
			outputFileListPaths = (
			);
			outputPaths = (
				"$(DERIVED_FILE_DIR)/Pods-PinjamanKas-checkManifestLockResult.txt",
			);
			runOnlyForDeploymentPostprocessing = 0;
			shellPath = /bin/sh;
			shellScript = "diff \"${PODS_PODFILE_DIR_PATH}/Podfile.lock\" \"${PODS_ROOT}/Manifest.lock\" > /dev/null\nif [ $? != 0 ] ; then\n    # print error to STDERR\n    echo \"error: The sandbox is not in sync with the Podfile.lock. Run 'pod install' or update your CocoaPods installation.\" >&2\n    exit 1\nfi\n# This output is used by Xcode 'outputs' to avoid re-running this script phase.\necho \"SUCCESS\" > \"${SCRIPT_OUTPUT_FILE_0}\"\n";
			showEnvVarsInLog = 0;
		};
/* End PBXShellScriptBuildPhase section */

/* Begin PBXSourcesBuildPhase section */
		73FBF4FD2F1F0E7F0071C925 /* Sources */ = {
			isa = PBXSourcesBuildPhase;
			buildActionMask = 2147483647;
			files = (
				739CE0642F20A0570017256F /* PopSelectListView.swift in Sources */,
				73FDF9632F1F222900660198 /* URLParameterBuilder.swift in Sources */,
				73FF7EFF2F1FAA360072F5B6 /* PopDeleteView.swift in Sources */,
				73FF7F072F1FC4BB0072F5B6 /* FrontViewController.swift in Sources */,
				73FDF9612F1F216400660198 /* UserManager.swift in Sources */,
				739CE05A2F20679E0017256F /* PopFrontListView.swift in Sources */,
				73FDF9472F1F187700660198 /* NetworkManager.swift in Sources */,
				73FDF96B2F1F3E3400660198 /* HomeItemView.swift in Sources */,
				73FF7EFD2F1FA6A20072F5B6 /* PopOutView.swift in Sources */,
				73FDF9652F1F22D400660198 /* KeychainHelper.swift in Sources */,
				73FDF9572F1F1A8600660198 /* CenterView.swift in Sources */,
				73FDF9672F1F300200660198 /* LoadingView.swift in Sources */,
				73FF7F012F1FB52E0072F5B6 /* BaseView.swift in Sources */,
				73FDF94F2F1F1A6000660198 /* OrderViewController.swift in Sources */,
				73FDF9492F1F1A4000660198 /* LoginView.swift in Sources */,
				739CE0602F207B430017256F /* CompleteViewController.swift in Sources */,
				73FBF5232F1F0E880071C925 /* AppDelegate.swift in Sources */,
				73FDF93F2F1F168500660198 /* BaseViewController.swift in Sources */,
				73FF7F032F1FB9DD0072F5B6 /* ProductListView.swift in Sources */,
				73FDF9552F1F1A7B00660198 /* ProductView.swift in Sources */,
				73FDF94B2F1F1A5000660198 /* LoginViewController.swift in Sources */,
				73FDF96D2F1F40B800660198 /* HomeMentView.swift in Sources */,
				73FDF9772F1F83C500660198 /* H5WebViewController.swift in Sources */,
				73FDF9532F1F1A7000660198 /* ProductViewController.swift in Sources */,
				73FF7F092F1FC4CF0072F5B6 /* FaceViewController.swift in Sources */,
				739CE05E2F206CCB0017256F /* SpecialViewCell.swift in Sources */,
				73FDF9732F1F816D00660198 /* DeepLinkRoute.swift in Sources */,
				73FDF96F2F1F40CB00660198 /* HomeCardView.swift in Sources */,
				73FDF9592F1F1A9700660198 /* OrderView.swift in Sources */,
				73FDF9712F1F752200660198 /* CenterViewCell.swift in Sources */,
				73FDF9752F1F818C00660198 /* SettingViewController.swift in Sources */,
				73FDF94D2F1F1A5800660198 /* HomeViewController.swift in Sources */,
				73FF7F152F1FD6940072F5B6 /* SimpleCameraManager.swift in Sources */,
				73FDF9412F1F169700660198 /* BaseNavigationController.swift in Sources */,
				73FDF95D2F1F1BD900660198 /* MainTabBarController.swift in Sources */,
				739CE0622F207F840017256F /* PersonalViewController.swift in Sources */,
				73FDF9512F1F1A6800660198 /* CenterViewController.swift in Sources */,
				73FDF95B2F1F1AA100660198 /* HomeView.swift in Sources */,
				73FDF9432F1F16BF00660198 /* LaunchViewController.swift in Sources */,
				73FDF9452F1F181000660198 /* BaseModel.swift in Sources */,
				73FDF97B2F1F847600660198 /* AppHeadView.swift in Sources */,
				739CE05C2F206B980017256F /* CommonViewCell.swift in Sources */,
				739CE0662F20AE530017256F /* CityDecodeModel.swift in Sources */,
				73FDF9692F1F34EE00660198 /* HomeHeadView.swift in Sources */,
			);
			runOnlyForDeploymentPostprocessing = 0;
		};
/* End PBXSourcesBuildPhase section */

/* Begin PBXVariantGroup section */
		73FBF51D2F1F0E880071C925 /* LaunchScreen.storyboard */ = {
			isa = PBXVariantGroup;
			children = (
				73FBF51C2F1F0E880071C925 /* Base */,
			);
			name = LaunchScreen.storyboard;
			sourceTree = "<group>";
		};
/* End PBXVariantGroup section */

/* Begin XCBuildConfiguration section */
		73FBF5152F1F0E800071C925 /* Debug */ = {
			isa = XCBuildConfiguration;
			baseConfigurationReference = D42DC08FF3D51960EC11F2AE /* Pods-PinjamanKas.debug.xcconfig */;
			buildSettings = {
				ASSETCATALOG_COMPILER_APPICON_NAME = AppIcon;
				ASSETCATALOG_COMPILER_GLOBAL_ACCENT_COLOR_NAME = AccentColor;
				CODE_SIGN_ENTITLEMENTS = PinjamanKas/PinjamanKas.entitlements;
				CODE_SIGN_STYLE = Automatic;
				CURRENT_PROJECT_VERSION = 1;
				DEVELOPMENT_TEAM = 57MBH2272N;
				ENABLE_USER_SCRIPT_SANDBOXING = NO;
				GENERATE_INFOPLIST_FILE = YES;
				INFOPLIST_FILE = PinjamanKas/Info.plist;
				INFOPLIST_KEY_CFBundleDisplayName = "Pinjaman Kas";
				INFOPLIST_KEY_UIApplicationSupportsIndirectInputEvents = YES;
				INFOPLIST_KEY_UILaunchStoryboardName = LaunchScreen;
				INFOPLIST_KEY_UISupportedInterfaceOrientations = UIInterfaceOrientationPortrait;
				INFOPLIST_KEY_UISupportedInterfaceOrientations_iPad = "UIInterfaceOrientationLandscapeLeft UIInterfaceOrientationLandscapeRight UIInterfaceOrientationPortrait UIInterfaceOrientationPortraitUpsideDown";
				IPHONEOS_DEPLOYMENT_TARGET = 14.0;
				LD_RUNPATH_SEARCH_PATHS = (
					"$(inherited)",
					"@executable_path/Frameworks",
				);
				MARKETING_VERSION = 1.0.0;
				PRODUCT_BUNDLE_IDENTIFIER = ll.leap.loan;
				PRODUCT_NAME = "$(TARGET_NAME)";
				STRING_CATALOG_GENERATE_SYMBOLS = YES;
				SUPPORTED_PLATFORMS = "iphoneos iphonesimulator";
				SUPPORTS_MACCATALYST = NO;
				SUPPORTS_MAC_DESIGNED_FOR_IPHONE_IPAD = NO;
				SUPPORTS_XR_DESIGNED_FOR_IPHONE_IPAD = NO;
				SWIFT_APPROACHABLE_CONCURRENCY = YES;
				SWIFT_DEFAULT_ACTOR_ISOLATION = MainActor;
				SWIFT_EMIT_LOC_STRINGS = YES;
				SWIFT_UPCOMING_FEATURE_MEMBER_IMPORT_VISIBILITY = YES;
				SWIFT_VERSION = 5.0;
				TARGETED_DEVICE_FAMILY = 1;
			};
			name = Debug;
		};
		73FBF5162F1F0E800071C925 /* Release */ = {
			isa = XCBuildConfiguration;
			baseConfigurationReference = E8A479ADCF324872DA95F1FB /* Pods-PinjamanKas.release.xcconfig */;
			buildSettings = {
				ASSETCATALOG_COMPILER_APPICON_NAME = AppIcon;
				ASSETCATALOG_COMPILER_GLOBAL_ACCENT_COLOR_NAME = AccentColor;
				CODE_SIGN_ENTITLEMENTS = PinjamanKas/PinjamanKas.entitlements;
				CODE_SIGN_STYLE = Automatic;
				CURRENT_PROJECT_VERSION = 1;
				DEVELOPMENT_TEAM = 57MBH2272N;
				ENABLE_USER_SCRIPT_SANDBOXING = NO;
				GENERATE_INFOPLIST_FILE = YES;
				INFOPLIST_FILE = PinjamanKas/Info.plist;
				INFOPLIST_KEY_CFBundleDisplayName = "Pinjaman Kas";
				INFOPLIST_KEY_UIApplicationSupportsIndirectInputEvents = YES;
				INFOPLIST_KEY_UILaunchStoryboardName = LaunchScreen;
				INFOPLIST_KEY_UISupportedInterfaceOrientations = UIInterfaceOrientationPortrait;
				INFOPLIST_KEY_UISupportedInterfaceOrientations_iPad = "UIInterfaceOrientationLandscapeLeft UIInterfaceOrientationLandscapeRight UIInterfaceOrientationPortrait UIInterfaceOrientationPortraitUpsideDown";
				IPHONEOS_DEPLOYMENT_TARGET = 14.0;
				LD_RUNPATH_SEARCH_PATHS = (
					"$(inherited)",
					"@executable_path/Frameworks",
				);
				MARKETING_VERSION = 1.0.0;
				PRODUCT_BUNDLE_IDENTIFIER = ll.leap.loan;
				PRODUCT_NAME = "$(TARGET_NAME)";
				STRING_CATALOG_GENERATE_SYMBOLS = YES;
				SUPPORTED_PLATFORMS = "iphoneos iphonesimulator";
				SUPPORTS_MACCATALYST = NO;
				SUPPORTS_MAC_DESIGNED_FOR_IPHONE_IPAD = NO;
				SUPPORTS_XR_DESIGNED_FOR_IPHONE_IPAD = NO;
				SWIFT_APPROACHABLE_CONCURRENCY = YES;
				SWIFT_DEFAULT_ACTOR_ISOLATION = MainActor;
				SWIFT_EMIT_LOC_STRINGS = YES;
				SWIFT_UPCOMING_FEATURE_MEMBER_IMPORT_VISIBILITY = YES;
				SWIFT_VERSION = 5.0;
				TARGETED_DEVICE_FAMILY = 1;
			};
			name = Release;
		};
		73FBF5172F1F0E800071C925 /* Debug */ = {
			isa = XCBuildConfiguration;
			buildSettings = {
				ALWAYS_SEARCH_USER_PATHS = NO;
				ASSETCATALOG_COMPILER_GENERATE_SWIFT_ASSET_SYMBOL_EXTENSIONS = YES;
				CLANG_ANALYZER_NONNULL = YES;
				CLANG_ANALYZER_NUMBER_OBJECT_CONVERSION = YES_AGGRESSIVE;
				CLANG_CXX_LANGUAGE_STANDARD = "gnu++20";
				CLANG_ENABLE_MODULES = YES;
				CLANG_ENABLE_OBJC_ARC = YES;
				CLANG_ENABLE_OBJC_WEAK = YES;
				CLANG_WARN_BLOCK_CAPTURE_AUTORELEASING = YES;
				CLANG_WARN_BOOL_CONVERSION = YES;
				CLANG_WARN_COMMA = YES;
				CLANG_WARN_CONSTANT_CONVERSION = YES;
				CLANG_WARN_DEPRECATED_OBJC_IMPLEMENTATIONS = YES;
				CLANG_WARN_DIRECT_OBJC_ISA_USAGE = YES_ERROR;
				CLANG_WARN_DOCUMENTATION_COMMENTS = YES;
				CLANG_WARN_EMPTY_BODY = YES;
				CLANG_WARN_ENUM_CONVERSION = YES;
				CLANG_WARN_INFINITE_RECURSION = YES;
				CLANG_WARN_INT_CONVERSION = YES;
				CLANG_WARN_NON_LITERAL_NULL_CONVERSION = YES;
				CLANG_WARN_OBJC_IMPLICIT_RETAIN_SELF = YES;
				CLANG_WARN_OBJC_LITERAL_CONVERSION = YES;
				CLANG_WARN_OBJC_ROOT_CLASS = YES_ERROR;
				CLANG_WARN_QUOTED_INCLUDE_IN_FRAMEWORK_HEADER = YES;
				CLANG_WARN_RANGE_LOOP_ANALYSIS = YES;
				CLANG_WARN_STRICT_PROTOTYPES = YES;
				CLANG_WARN_SUSPICIOUS_MOVE = YES;
				CLANG_WARN_UNGUARDED_AVAILABILITY = YES_AGGRESSIVE;
				CLANG_WARN_UNREACHABLE_CODE = YES;
				CLANG_WARN__DUPLICATE_METHOD_MATCH = YES;
				COPY_PHASE_STRIP = NO;
				DEBUG_INFORMATION_FORMAT = dwarf;
				ENABLE_STRICT_OBJC_MSGSEND = YES;
				ENABLE_TESTABILITY = YES;
				ENABLE_USER_SCRIPT_SANDBOXING = YES;
				GCC_C_LANGUAGE_STANDARD = gnu17;
				GCC_DYNAMIC_NO_PIC = NO;
				GCC_NO_COMMON_BLOCKS = YES;
				GCC_OPTIMIZATION_LEVEL = 0;
				GCC_PREPROCESSOR_DEFINITIONS = (
					"DEBUG=1",
					"$(inherited)",
				);
				GCC_WARN_64_TO_32_BIT_CONVERSION = YES;
				GCC_WARN_ABOUT_RETURN_TYPE = YES_ERROR;
				GCC_WARN_UNDECLARED_SELECTOR = YES;
				GCC_WARN_UNINITIALIZED_AUTOS = YES_AGGRESSIVE;
				GCC_WARN_UNUSED_FUNCTION = YES;
				GCC_WARN_UNUSED_VARIABLE = YES;
				IPHONEOS_DEPLOYMENT_TARGET = 26.2;
				LOCALIZATION_PREFERS_STRING_CATALOGS = YES;
				MTL_ENABLE_DEBUG_INFO = INCLUDE_SOURCE;
				MTL_FAST_MATH = YES;
				ONLY_ACTIVE_ARCH = YES;
				SDKROOT = iphoneos;
				SWIFT_ACTIVE_COMPILATION_CONDITIONS = "DEBUG $(inherited)";
				SWIFT_OPTIMIZATION_LEVEL = "-Onone";
			};
			name = Debug;
		};
		73FBF5182F1F0E800071C925 /* Release */ = {
			isa = XCBuildConfiguration;
			buildSettings = {
				ALWAYS_SEARCH_USER_PATHS = NO;
				ASSETCATALOG_COMPILER_GENERATE_SWIFT_ASSET_SYMBOL_EXTENSIONS = YES;
				CLANG_ANALYZER_NONNULL = YES;
				CLANG_ANALYZER_NUMBER_OBJECT_CONVERSION = YES_AGGRESSIVE;
				CLANG_CXX_LANGUAGE_STANDARD = "gnu++20";
				CLANG_ENABLE_MODULES = YES;
				CLANG_ENABLE_OBJC_ARC = YES;
				CLANG_ENABLE_OBJC_WEAK = YES;
				CLANG_WARN_BLOCK_CAPTURE_AUTORELEASING = YES;
				CLANG_WARN_BOOL_CONVERSION = YES;
				CLANG_WARN_COMMA = YES;
				CLANG_WARN_CONSTANT_CONVERSION = YES;
				CLANG_WARN_DEPRECATED_OBJC_IMPLEMENTATIONS = YES;
				CLANG_WARN_DIRECT_OBJC_ISA_USAGE = YES_ERROR;
				CLANG_WARN_DOCUMENTATION_COMMENTS = YES;
				CLANG_WARN_EMPTY_BODY = YES;
				CLANG_WARN_ENUM_CONVERSION = YES;
				CLANG_WARN_INFINITE_RECURSION = YES;
				CLANG_WARN_INT_CONVERSION = YES;
				CLANG_WARN_NON_LITERAL_NULL_CONVERSION = YES;
				CLANG_WARN_OBJC_IMPLICIT_RETAIN_SELF = YES;
				CLANG_WARN_OBJC_LITERAL_CONVERSION = YES;
				CLANG_WARN_OBJC_ROOT_CLASS = YES_ERROR;
				CLANG_WARN_QUOTED_INCLUDE_IN_FRAMEWORK_HEADER = YES;
				CLANG_WARN_RANGE_LOOP_ANALYSIS = YES;
				CLANG_WARN_STRICT_PROTOTYPES = YES;
				CLANG_WARN_SUSPICIOUS_MOVE = YES;
				CLANG_WARN_UNGUARDED_AVAILABILITY = YES_AGGRESSIVE;
				CLANG_WARN_UNREACHABLE_CODE = YES;
				CLANG_WARN__DUPLICATE_METHOD_MATCH = YES;
				COPY_PHASE_STRIP = NO;
				DEBUG_INFORMATION_FORMAT = "dwarf-with-dsym";
				ENABLE_NS_ASSERTIONS = NO;
				ENABLE_STRICT_OBJC_MSGSEND = YES;
				ENABLE_USER_SCRIPT_SANDBOXING = YES;
				GCC_C_LANGUAGE_STANDARD = gnu17;
				GCC_NO_COMMON_BLOCKS = YES;
				GCC_WARN_64_TO_32_BIT_CONVERSION = YES;
				GCC_WARN_ABOUT_RETURN_TYPE = YES_ERROR;
				GCC_WARN_UNDECLARED_SELECTOR = YES;
				GCC_WARN_UNINITIALIZED_AUTOS = YES_AGGRESSIVE;
				GCC_WARN_UNUSED_FUNCTION = YES;
				GCC_WARN_UNUSED_VARIABLE = YES;
				IPHONEOS_DEPLOYMENT_TARGET = 26.2;
				LOCALIZATION_PREFERS_STRING_CATALOGS = YES;
				MTL_ENABLE_DEBUG_INFO = NO;
				MTL_FAST_MATH = YES;
				SDKROOT = iphoneos;
				SWIFT_COMPILATION_MODE = wholemodule;
				VALIDATE_PRODUCT = YES;
			};
			name = Release;
		};
/* End XCBuildConfiguration section */

/* Begin XCConfigurationList section */
		73FBF4FC2F1F0E7F0071C925 /* Build configuration list for PBXProject "PinjamanKas" */ = {
			isa = XCConfigurationList;
			buildConfigurations = (
				73FBF5172F1F0E800071C925 /* Debug */,
				73FBF5182F1F0E800071C925 /* Release */,
			);
			defaultConfigurationIsVisible = 0;
			defaultConfigurationName = Release;
		};
		73FBF5142F1F0E800071C925 /* Build configuration list for PBXNativeTarget "PinjamanKas" */ = {
			isa = XCConfigurationList;
			buildConfigurations = (
				73FBF5152F1F0E800071C925 /* Debug */,
				73FBF5162F1F0E800071C925 /* Release */,
			);
			defaultConfigurationIsVisible = 0;
			defaultConfigurationName = Release;
		};
/* End XCConfigurationList section */
	};
	rootObject = 73FBF4F92F1F0E7F0071C925 /* Project object */;
}
